
Microsoft Visual Studio Solution File, Format Version 12.00
# Visual Studio Version 17
VisualStudioVersion = 17.4.33122.133
MinimumVisualStudioVersion = 10.0.40219.1
Project("{9A19103F-16F7-4668-BE54-9A1E7A4F7556}") = "GraphVisualisation", "GraphVisualisation\GraphVisualisation.csproj", "{C66AC45A-8624-4921-9502-BFD5BCC2E5C4}"
EndProject
Project("{9A19103F-16F7-4668-BE54-9A1E7A4F7556}") = "Graph", "..\..\..\..\VisualProj\Graph\Graph.csproj", "{E45D16D0-216E-4E04-A4F0-ED3C5FB04490}"
EndProject
Global
	GlobalSection(SolutionConfigurationPlatforms) = preSolution
		Debug|Any CPU = Debug|Any CPU
		Release|Any CPU = Release|Any CPU
	EndGlobalSection
	GlobalSection(ProjectConfigurationPlatforms) = postSolution
		{C66AC45A-8624-4921-9502-BFD5BCC2E5C4}.Debug|Any CPU.ActiveCfg = Debug|Any CPU
		{C66AC45A-8624-4921-9502-BFD5BCC2E5C4}.Debug|Any CPU.Build.0 = Debug|Any CPU
		{C66AC45A-8624-4921-9502-BFD5BCC2E5C4}.Release|Any CPU.ActiveCfg = Release|Any CPU
		{C66AC45A-8624-4921-9502-BFD5BCC2E5C4}.Release|Any CPU.Build.0 = Release|Any CPU
		{E45D16D0-216E-4E04-A4F0-ED3C5FB04490}.Debug|Any CPU.ActiveCfg = Debug|Any CPU
		{E45D16D0-216E-4E04-A4F0-ED3C5FB04490}.Debug|Any CPU.Build.0 = Debug|Any CPU
		{E45D16D0-216E-4E04-A4F0-ED3C5FB04490}.Release|Any CPU.ActiveCfg = Release|Any CPU
		{E45D16D0-216E-4E04-A4F0-ED3C5FB04490}.Release|Any CPU.Build.0 = Release|Any CPU
	EndGlobalSection
	GlobalSection(SolutionProperties) = preSolution
		HideSolutionNode = FALSE
	EndGlobalSection
	GlobalSection(ExtensibilityGlobals) = postSolution
		SolutionGuid = {B3995135-B77E-468E-A453-25DFB02CE82C}
	EndGlobalSection
EndGlobal
